// !$*UTF8*$!
{
	archiveVersion = 1;
	classes = {
	};
	objectVersion = 56;
	objects = {

/* Begin PBXBuildFile section */
		7C4BA3742B7DF803006CC8D1 /* Realm in Frameworks */ = {isa = PBXBuildFile; productRef = 7C4BA3732B7DF803006CC8D1 /* Realm */; };
		7C4BA3762B7DF803006CC8D1 /* RealmSwift in Frameworks */ = {isa = PBXBuildFile; productRef = 7C4BA3752B7DF803006CC8D1 /* RealmSwift */; };
		7C4BA3792B7DFFDA006CC8D1 /* Todo.swift in Sources */ = {isa = PBXBuildFile; fileRef = 7C4BA3782B7DFFDA006CC8D1 /* Todo.swift */; };
		7C4BA37B2B7E087B006CC8D1 /* TodoSection.swift in Sources */ = {isa = PBXBuildFile; fileRef = 7C4BA37A2B7E087B006CC8D1 /* TodoSection.swift */; };
		7C4BA37D2B7E08A2006CC8D1 /* InputSection.swift in Sources */ = {isa = PBXBuildFile; fileRef = 7C4BA37C2B7E08A2006CC8D1 /* InputSection.swift */; };
		7C6644522B7C939600FAAD8D /* AppDelegate.swift in Sources */ = {isa = PBXBuildFile; fileRef = 7C6644512B7C939600FAAD8D /* AppDelegate.swift */; };
		7C6644542B7C939600FAAD8D /* SceneDelegate.swift in Sources */ = {isa = PBXBuildFile; fileRef = 7C6644532B7C939600FAAD8D /* SceneDelegate.swift */; };
		7C66445B2B7C939700FAAD8D /* Assets.xcassets in Resources */ = {isa = PBXBuildFile; fileRef = 7C66445A2B7C939700FAAD8D /* Assets.xcassets */; };
		7C66445E2B7C939700FAAD8D /* LaunchScreen.storyboard in Resources */ = {isa = PBXBuildFile; fileRef = 7C66445C2B7C939700FAAD8D /* LaunchScreen.storyboard */; };
		7C6644682B7C940900FAAD8D /* BaseViewController.swift in Sources */ = {isa = PBXBuildFile; fileRef = 7C6644672B7C940900FAAD8D /* BaseViewController.swift */; };
		7C66446A2B7C945000FAAD8D /* WholeTodoViewController.swift in Sources */ = {isa = PBXBuildFile; fileRef = 7C6644692B7C945000FAAD8D /* WholeTodoViewController.swift */; };
		7C66446C2B7C94A200FAAD8D /* BaseView.swift in Sources */ = {isa = PBXBuildFile; fileRef = 7C66446B2B7C94A200FAAD8D /* BaseView.swift */; };
		7C66446E2B7C94BA00FAAD8D /* BaseTableViewCell.swift in Sources */ = {isa = PBXBuildFile; fileRef = 7C66446D2B7C94BA00FAAD8D /* BaseTableViewCell.swift */; };
		7C6644702B7C94D600FAAD8D /* BaseCollectionViewCell.swift in Sources */ = {isa = PBXBuildFile; fileRef = 7C66446F2B7C94D600FAAD8D /* BaseCollectionViewCell.swift */; };
		7C6644732B7C954600FAAD8D /* NewTodoController.swift in Sources */ = {isa = PBXBuildFile; fileRef = 7C6644722B7C954600FAAD8D /* NewTodoController.swift */; };
		7C6644762B7C964700FAAD8D /* Then+.swift in Sources */ = {isa = PBXBuildFile; fileRef = 7C6644752B7C964700FAAD8D /* Then+.swift */; };
		7C6644782B7C988E00FAAD8D /* UIView+.swift in Sources */ = {isa = PBXBuildFile; fileRef = 7C6644772B7C988E00FAAD8D /* UIView+.swift */; };
		7C66447B2B7C98C900FAAD8D /* SnapKit in Frameworks */ = {isa = PBXBuildFile; productRef = 7C66447A2B7C98C900FAAD8D /* SnapKit */; };
		7C66447F2B7CAC1200FAAD8D /* InputHeaderCell.swift in Sources */ = {isa = PBXBuildFile; fileRef = 7C66447E2B7CAC1200FAAD8D /* InputHeaderCell.swift */; };
		7C6644812B7CC70200FAAD8D /* UITextField+.swift in Sources */ = {isa = PBXBuildFile; fileRef = 7C6644802B7CC70200FAAD8D /* UITextField+.swift */; };
		7C6644842B7CC88B00FAAD8D /* TextCell.swift in Sources */ = {isa = PBXBuildFile; fileRef = 7C6644832B7CC88B00FAAD8D /* TextCell.swift */; };
		7C6644872B7CCC0500FAAD8D /* EndDateViewController.swift in Sources */ = {isa = PBXBuildFile; fileRef = 7C6644862B7CCC0500FAAD8D /* EndDateViewController.swift */; };
		7C6644892B7CCC0F00FAAD8D /* TagViewController.swift in Sources */ = {isa = PBXBuildFile; fileRef = 7C6644882B7CCC0F00FAAD8D /* TagViewController.swift */; };
		7C66448B2B7CCC1D00FAAD8D /* PriorityViewController.swift in Sources */ = {isa = PBXBuildFile; fileRef = 7C66448A2B7CCC1D00FAAD8D /* PriorityViewController.swift */; };
		7C66448D2B7CCC2800FAAD8D /* AddImageViewController.swift in Sources */ = {isa = PBXBuildFile; fileRef = 7C66448C2B7CCC2700FAAD8D /* AddImageViewController.swift */; };
		7C6644902B7CCF2900FAAD8D /* WholeTodoCell.swift in Sources */ = {isa = PBXBuildFile; fileRef = 7C66448F2B7CCF2900FAAD8D /* WholeTodoCell.swift */; };
		7C6A9DE02B7E1C5B00433551 /* DetailViewController.swift in Sources */ = {isa = PBXBuildFile; fileRef = 7C6A9DDF2B7E1C5B00433551 /* DetailViewController.swift */; };
		7C6A9DE22B7E2EC700433551 /* DetailCell.swift in Sources */ = {isa = PBXBuildFile; fileRef = 7C6A9DE12B7E2EC700433551 /* DetailCell.swift */; };
		7C6A9DE52B7E335400433551 /* DateFormatterManager.swift in Sources */ = {isa = PBXBuildFile; fileRef = 7C6A9DE42B7E335400433551 /* DateFormatterManager.swift */; };
		7C7D88032B7F2E6200038946 /* TodoRepository.swift in Sources */ = {isa = PBXBuildFile; fileRef = 7C7D88022B7F2E6200038946 /* TodoRepository.swift */; };
		7C7D88052B7F2F1A00038946 /* TodoRepositoryProtocol.swift in Sources */ = {isa = PBXBuildFile; fileRef = 7C7D88042B7F2F1A00038946 /* TodoRepositoryProtocol.swift */; };
/* End PBXBuildFile section */

/* Begin PBXFileReference section */
		7C4BA3782B7DFFDA006CC8D1 /* Todo.swift */ = {isa = PBXFileReference; lastKnownFileType = sourcecode.swift; path = Todo.swift; sourceTree = "<group>"; };
		7C4BA37A2B7E087B006CC8D1 /* TodoSection.swift */ = {isa = PBXFileReference; lastKnownFileType = sourcecode.swift; path = TodoSection.swift; sourceTree = "<group>"; };
		7C4BA37C2B7E08A2006CC8D1 /* InputSection.swift */ = {isa = PBXFileReference; lastKnownFileType = sourcecode.swift; path = InputSection.swift; sourceTree = "<group>"; };
		7C66444E2B7C939600FAAD8D /* SeSAC_TodoProject.app */ = {isa = PBXFileReference; explicitFileType = wrapper.application; includeInIndex = 0; path = SeSAC_TodoProject.app; sourceTree = BUILT_PRODUCTS_DIR; };
		7C6644512B7C939600FAAD8D /* AppDelegate.swift */ = {isa = PBXFileReference; lastKnownFileType = sourcecode.swift; path = AppDelegate.swift; sourceTree = "<group>"; };
		7C6644532B7C939600FAAD8D /* SceneDelegate.swift */ = {isa = PBXFileReference; lastKnownFileType = sourcecode.swift; path = SceneDelegate.swift; sourceTree = "<group>"; };
		7C66445A2B7C939700FAAD8D /* Assets.xcassets */ = {isa = PBXFileReference; lastKnownFileType = folder.assetcatalog; path = Assets.xcassets; sourceTree = "<group>"; };
		7C66445D2B7C939700FAAD8D /* Base */ = {isa = PBXFileReference; lastKnownFileType = file.storyboard; name = Base; path = Base.lproj/LaunchScreen.storyboard; sourceTree = "<group>"; };
		7C66445F2B7C939700FAAD8D /* Info.plist */ = {isa = PBXFileReference; lastKnownFileType = text.plist.xml; path = Info.plist; sourceTree = "<group>"; };
		7C6644672B7C940900FAAD8D /* BaseViewController.swift */ = {isa = PBXFileReference; lastKnownFileType = sourcecode.swift; path = BaseViewController.swift; sourceTree = "<group>"; };
		7C6644692B7C945000FAAD8D /* WholeTodoViewController.swift */ = {isa = PBXFileReference; lastKnownFileType = sourcecode.swift; path = WholeTodoViewController.swift; sourceTree = "<group>"; };
		7C66446B2B7C94A200FAAD8D /* BaseView.swift */ = {isa = PBXFileReference; lastKnownFileType = sourcecode.swift; path = BaseView.swift; sourceTree = "<group>"; };
		7C66446D2B7C94BA00FAAD8D /* BaseTableViewCell.swift */ = {isa = PBXFileReference; lastKnownFileType = sourcecode.swift; path = BaseTableViewCell.swift; sourceTree = "<group>"; };
		7C66446F2B7C94D600FAAD8D /* BaseCollectionViewCell.swift */ = {isa = PBXFileReference; lastKnownFileType = sourcecode.swift; path = BaseCollectionViewCell.swift; sourceTree = "<group>"; };
		7C6644722B7C954600FAAD8D /* NewTodoController.swift */ = {isa = PBXFileReference; lastKnownFileType = sourcecode.swift; path = NewTodoController.swift; sourceTree = "<group>"; };
		7C6644752B7C964700FAAD8D /* Then+.swift */ = {isa = PBXFileReference; lastKnownFileType = sourcecode.swift; path = "Then+.swift"; sourceTree = "<group>"; };
		7C6644772B7C988E00FAAD8D /* UIView+.swift */ = {isa = PBXFileReference; lastKnownFileType = sourcecode.swift; path = "UIView+.swift"; sourceTree = "<group>"; };
		7C66447E2B7CAC1200FAAD8D /* InputHeaderCell.swift */ = {isa = PBXFileReference; lastKnownFileType = sourcecode.swift; path = InputHeaderCell.swift; sourceTree = "<group>"; };
		7C6644802B7CC70200FAAD8D /* UITextField+.swift */ = {isa = PBXFileReference; lastKnownFileType = sourcecode.swift; path = "UITextField+.swift"; sourceTree = "<group>"; };
		7C6644832B7CC88B00FAAD8D /* TextCell.swift */ = {isa = PBXFileReference; lastKnownFileType = sourcecode.swift; path = TextCell.swift; sourceTree = "<group>"; };
		7C6644862B7CCC0500FAAD8D /* EndDateViewController.swift */ = {isa = PBXFileReference; lastKnownFileType = sourcecode.swift; path = EndDateViewController.swift; sourceTree = "<group>"; };
		7C6644882B7CCC0F00FAAD8D /* TagViewController.swift */ = {isa = PBXFileReference; lastKnownFileType = sourcecode.swift; path = TagViewController.swift; sourceTree = "<group>"; };
		7C66448A2B7CCC1D00FAAD8D /* PriorityViewController.swift */ = {isa = PBXFileReference; lastKnownFileType = sourcecode.swift; path = PriorityViewController.swift; sourceTree = "<group>"; };
		7C66448C2B7CCC2700FAAD8D /* AddImageViewController.swift */ = {isa = PBXFileReference; lastKnownFileType = sourcecode.swift; path = AddImageViewController.swift; sourceTree = "<group>"; };
		7C66448F2B7CCF2900FAAD8D /* WholeTodoCell.swift */ = {isa = PBXFileReference; lastKnownFileType = sourcecode.swift; path = WholeTodoCell.swift; sourceTree = "<group>"; };
		7C6A9DDF2B7E1C5B00433551 /* DetailViewController.swift */ = {isa = PBXFileReference; lastKnownFileType = sourcecode.swift; path = DetailViewController.swift; sourceTree = "<group>"; };
		7C6A9DE12B7E2EC700433551 /* DetailCell.swift */ = {isa = PBXFileReference; lastKnownFileType = sourcecode.swift; path = DetailCell.swift; sourceTree = "<group>"; };
		7C6A9DE42B7E335400433551 /* DateFormatterManager.swift */ = {isa = PBXFileReference; lastKnownFileType = sourcecode.swift; path = DateFormatterManager.swift; sourceTree = "<group>"; };
		7C7D88022B7F2E6200038946 /* TodoRepository.swift */ = {isa = PBXFileReference; lastKnownFileType = sourcecode.swift; path = TodoRepository.swift; sourceTree = "<group>"; };
		7C7D88042B7F2F1A00038946 /* TodoRepositoryProtocol.swift */ = {isa = PBXFileReference; lastKnownFileType = sourcecode.swift; path = TodoRepositoryProtocol.swift; sourceTree = "<group>"; };
/* End PBXFileReference section */

/* Begin PBXFrameworksBuildPhase section */
		7C66444B2B7C939600FAAD8D /* Frameworks */ = {
			isa = PBXFrameworksBuildPhase;
			buildActionMask = 2147483647;
			files = (
				7C4BA3762B7DF803006CC8D1 /* RealmSwift in Frameworks */,
				7C4BA3742B7DF803006CC8D1 /* Realm in Frameworks */,
				7C66447B2B7C98C900FAAD8D /* SnapKit in Frameworks */,
			);
			runOnlyForDeploymentPostprocessing = 0;
		};
/* End PBXFrameworksBuildPhase section */

/* Begin PBXGroup section */
		7C4BA3772B7DFFCA006CC8D1 /* Model */ = {
			isa = PBXGroup;
			children = (
				7C4BA3782B7DFFDA006CC8D1 /* Todo.swift */,
			);
			path = Model;
			sourceTree = "<group>";
		};
		7C6644452B7C939600FAAD8D = {
			isa = PBXGroup;
			children = (
				7C6644502B7C939600FAAD8D /* SeSAC_TodoProject */,
				7C66444F2B7C939600FAAD8D /* Products */,
			);
			sourceTree = "<group>";
		};
		7C66444F2B7C939600FAAD8D /* Products */ = {
			isa = PBXGroup;
			children = (
				7C66444E2B7C939600FAAD8D /* SeSAC_TodoProject.app */,
			);
			name = Products;
			sourceTree = "<group>";
		};
		7C6644502B7C939600FAAD8D /* SeSAC_TodoProject */ = {
			isa = PBXGroup;
			children = (
				7C6644512B7C939600FAAD8D /* AppDelegate.swift */,
				7C6644532B7C939600FAAD8D /* SceneDelegate.swift */,
				7C6A9DE32B7E334900433551 /* Manager */,
				7C4BA3772B7DFFCA006CC8D1 /* Model */,
				7C7D88002B7F2E4500038946 /* Repository */,
				7C6644662B7C93F800FAAD8D /* TodoScene */,
				7C6644712B7C953400FAAD8D /* NewTodoScene */,
				7C6644652B7C93F100FAAD8D /* Base */,
				7C6644742B7C963900FAAD8D /* Extension */,
				7C66445A2B7C939700FAAD8D /* Assets.xcassets */,
				7C66445C2B7C939700FAAD8D /* LaunchScreen.storyboard */,
				7C66445F2B7C939700FAAD8D /* Info.plist */,
			);
			path = SeSAC_TodoProject;
			sourceTree = "<group>";
		};
		7C6644652B7C93F100FAAD8D /* Base */ = {
			isa = PBXGroup;
			children = (
				7C66446B2B7C94A200FAAD8D /* BaseView.swift */,
				7C6644672B7C940900FAAD8D /* BaseViewController.swift */,
				7C66446D2B7C94BA00FAAD8D /* BaseTableViewCell.swift */,
				7C66446F2B7C94D600FAAD8D /* BaseCollectionViewCell.swift */,
			);
			path = Base;
			sourceTree = "<group>";
		};
		7C6644662B7C93F800FAAD8D /* TodoScene */ = {
			isa = PBXGroup;
			children = (
				7C4BA37A2B7E087B006CC8D1 /* TodoSection.swift */,
				7C6644692B7C945000FAAD8D /* WholeTodoViewController.swift */,
				7C6A9DDE2B7E1C4400433551 /* DetailViewController */,
				7C66448E2B7CCF1900FAAD8D /* Cell */,
			);
			path = TodoScene;
			sourceTree = "<group>";
		};
		7C6644712B7C953400FAAD8D /* NewTodoScene */ = {
			isa = PBXGroup;
			children = (
				7C4BA37C2B7E08A2006CC8D1 /* InputSection.swift */,
				7C6644722B7C954600FAAD8D /* NewTodoController.swift */,
				7C6644852B7CCBF300FAAD8D /* DetailViewController */,
				7C6644822B7CC87D00FAAD8D /* Cell */,
			);
			path = NewTodoScene;
			sourceTree = "<group>";
		};
		7C6644742B7C963900FAAD8D /* Extension */ = {
			isa = PBXGroup;
			children = (
				7C6644752B7C964700FAAD8D /* Then+.swift */,
				7C6644772B7C988E00FAAD8D /* UIView+.swift */,
				7C6644802B7CC70200FAAD8D /* UITextField+.swift */,
			);
			path = Extension;
			sourceTree = "<group>";
		};
		7C6644822B7CC87D00FAAD8D /* Cell */ = {
			isa = PBXGroup;
			children = (
				7C66447E2B7CAC1200FAAD8D /* InputHeaderCell.swift */,
				7C6644832B7CC88B00FAAD8D /* TextCell.swift */,
			);
			path = Cell;
			sourceTree = "<group>";
		};
		7C6644852B7CCBF300FAAD8D /* DetailViewController */ = {
			isa = PBXGroup;
			children = (
				7C6644862B7CCC0500FAAD8D /* EndDateViewController.swift */,
				7C6644882B7CCC0F00FAAD8D /* TagViewController.swift */,
				7C66448A2B7CCC1D00FAAD8D /* PriorityViewController.swift */,
				7C66448C2B7CCC2700FAAD8D /* AddImageViewController.swift */,
			);
			path = DetailViewController;
			sourceTree = "<group>";
		};
		7C66448E2B7CCF1900FAAD8D /* Cell */ = {
			isa = PBXGroup;
			children = (
				7C66448F2B7CCF2900FAAD8D /* WholeTodoCell.swift */,
				7C6A9DE12B7E2EC700433551 /* DetailCell.swift */,
			);
			path = Cell;
			sourceTree = "<group>";
		};
		7C6A9DDE2B7E1C4400433551 /* DetailViewController */ = {
			isa = PBXGroup;
			children = (
				7C6A9DDF2B7E1C5B00433551 /* DetailViewController.swift */,
			);
			path = DetailViewController;
			sourceTree = "<group>";
		};
		7C6A9DE32B7E334900433551 /* Manager */ = {
			isa = PBXGroup;
			children = (
				7C6A9DE42B7E335400433551 /* DateFormatterManager.swift */,
			);
			path = Manager;
			sourceTree = "<group>";
		};
		7C7D88002B7F2E4500038946 /* Repository */ = {
			isa = PBXGroup;
			children = (
				7C7D88012B7F2E5000038946 /* RepositoryProtocol */,
				7C7D88022B7F2E6200038946 /* TodoRepository.swift */,
			);
			path = Repository;
			sourceTree = "<group>";
		};
		7C7D88012B7F2E5000038946 /* RepositoryProtocol */ = {
			isa = PBXGroup;
			children = (
				7C7D88042B7F2F1A00038946 /* TodoRepositoryProtocol.swift */,
			);
			path = RepositoryProtocol;
			sourceTree = "<group>";
		};
/* End PBXGroup section */

/* Begin PBXNativeTarget section */
		7C66444D2B7C939600FAAD8D /* SeSAC_TodoProject */ = {
			isa = PBXNativeTarget;
			buildConfigurationList = 7C6644622B7C939700FAAD8D /* Build configuration list for PBXNativeTarget "SeSAC_TodoProject" */;
			buildPhases = (
				7C66444A2B7C939600FAAD8D /* Sources */,
				7C66444B2B7C939600FAAD8D /* Frameworks */,
				7C66444C2B7C939600FAAD8D /* Resources */,
			);
			buildRules = (
			);
			dependencies = (
			);
			name = SeSAC_TodoProject;
			packageProductDependencies = (
				7C66447A2B7C98C900FAAD8D /* SnapKit */,
				7C4BA3732B7DF803006CC8D1 /* Realm */,
				7C4BA3752B7DF803006CC8D1 /* RealmSwift */,
			);
			productName = SeSAC_TodoProject;
			productReference = 7C66444E2B7C939600FAAD8D /* SeSAC_TodoProject.app */;
			productType = "com.apple.product-type.application";
		};
/* End PBXNativeTarget section */

/* Begin PBXProject section */
		7C6644462B7C939600FAAD8D /* Project object */ = {
			isa = PBXProject;
			attributes = {
				BuildIndependentTargetsInParallel = 1;
				LastSwiftUpdateCheck = 1520;
				LastUpgradeCheck = 1520;
				TargetAttributes = {
					7C66444D2B7C939600FAAD8D = {
						CreatedOnToolsVersion = 15.2;
					};
				};
			};
			buildConfigurationList = 7C6644492B7C939600FAAD8D /* Build configuration list for PBXProject "SeSAC_TodoProject" */;
			compatibilityVersion = "Xcode 14.0";
			developmentRegion = en;
			hasScannedForEncodings = 0;
			knownRegions = (
				en,
				Base,
			);
			mainGroup = 7C6644452B7C939600FAAD8D;
			packageReferences = (
				7C6644792B7C98C900FAAD8D /* XCRemoteSwiftPackageReference "SnapKit" */,
				7C4BA3722B7DF803006CC8D1 /* XCRemoteSwiftPackageReference "realm-swift" */,
			);
			productRefGroup = 7C66444F2B7C939600FAAD8D /* Products */;
			projectDirPath = "";
			projectRoot = "";
			targets = (
				7C66444D2B7C939600FAAD8D /* SeSAC_TodoProject */,
			);
		};
/* End PBXProject section */

/* Begin PBXResourcesBuildPhase section */
		7C66444C2B7C939600FAAD8D /* Resources */ = {
			isa = PBXResourcesBuildPhase;
			buildActionMask = 2147483647;
			files = (
				7C66445E2B7C939700FAAD8D /* LaunchScreen.storyboard in Resources */,
				7C66445B2B7C939700FAAD8D /* Assets.xcassets in Resources */,
			);
			runOnlyForDeploymentPostprocessing = 0;
		};
/* End PBXResourcesBuildPhase section */

/* Begin PBXSourcesBuildPhase section */
		7C66444A2B7C939600FAAD8D /* Sources */ = {
			isa = PBXSourcesBuildPhase;
			buildActionMask = 2147483647;
			files = (
				7C4BA37D2B7E08A2006CC8D1 /* InputSection.swift in Sources */,
				7C66446E2B7C94BA00FAAD8D /* BaseTableViewCell.swift in Sources */,
				7C66448D2B7CCC2800FAAD8D /* AddImageViewController.swift in Sources */,
				7C6644702B7C94D600FAAD8D /* BaseCollectionViewCell.swift in Sources */,
				7C66446A2B7C945000FAAD8D /* WholeTodoViewController.swift in Sources */,
				7C7D88052B7F2F1A00038946 /* TodoRepositoryProtocol.swift in Sources */,
				7C6644522B7C939600FAAD8D /* AppDelegate.swift in Sources */,
				7C6644782B7C988E00FAAD8D /* UIView+.swift in Sources */,
				7C66446C2B7C94A200FAAD8D /* BaseView.swift in Sources */,
				7C4BA3792B7DFFDA006CC8D1 /* Todo.swift in Sources */,
				7C6A9DE22B7E2EC700433551 /* DetailCell.swift in Sources */,
				7C6A9DE52B7E335400433551 /* DateFormatterManager.swift in Sources */,
				7C6644872B7CCC0500FAAD8D /* EndDateViewController.swift in Sources */,
				7C6644542B7C939600FAAD8D /* SceneDelegate.swift in Sources */,
				7C6A9DE02B7E1C5B00433551 /* DetailViewController.swift in Sources */,
				7C6644902B7CCF2900FAAD8D /* WholeTodoCell.swift in Sources */,
				7C7D88032B7F2E6200038946 /* TodoRepository.swift in Sources */,
				7C66447F2B7CAC1200FAAD8D /* InputHeaderCell.swift in Sources */,
				7C66448B2B7CCC1D00FAAD8D /* PriorityViewController.swift in Sources */,
				7C6644842B7CC88B00FAAD8D /* TextCell.swift in Sources */,
				7C6644812B7CC70200FAAD8D /* UITextField+.swift in Sources */,
				7C6644732B7C954600FAAD8D /* NewTodoController.swift in Sources */,
				7C6644892B7CCC0F00FAAD8D /* TagViewController.swift in Sources */,
				7C6644682B7C940900FAAD8D /* BaseViewController.swift in Sources */,
				7C6644762B7C964700FAAD8D /* Then+.swift in Sources */,
				7C4BA37B2B7E087B006CC8D1 /* TodoSection.swift in Sources */,
			);
			runOnlyForDeploymentPostprocessing = 0;
		};
/* End PBXSourcesBuildPhase section */

/* Begin PBXVariantGroup section */
		7C66445C2B7C939700FAAD8D /* LaunchScreen.storyboard */ = {
			isa = PBXVariantGroup;
			children = (
				7C66445D2B7C939700FAAD8D /* Base */,
			);
			name = LaunchScreen.storyboard;
			sourceTree = "<group>";
		};
/* End PBXVariantGroup section */

/* Begin XCBuildConfiguration section */
		7C6644602B7C939700FAAD8D /* Debug */ = {
			isa = XCBuildConfiguration;
			buildSettings = {
				ALWAYS_SEARCH_USER_PATHS = NO;
				ASSETCATALOG_COMPILER_GENERATE_SWIFT_ASSET_SYMBOL_EXTENSIONS = YES;
				CLANG_ANALYZER_NONNULL = YES;
				CLANG_ANALYZER_NUMBER_OBJECT_CONVERSION = YES_AGGRESSIVE;
				CLANG_CXX_LANGUAGE_STANDARD = "gnu++20";
				CLANG_ENABLE_MODULES = YES;
				CLANG_ENABLE_OBJC_ARC = YES;
				CLANG_ENABLE_OBJC_WEAK = YES;
				CLANG_WARN_BLOCK_CAPTURE_AUTORELEASING = YES;
				CLANG_WARN_BOOL_CONVERSION = YES;
				CLANG_WARN_COMMA = YES;
				CLANG_WARN_CONSTANT_CONVERSION = YES;
				CLANG_WARN_DEPRECATED_OBJC_IMPLEMENTATIONS = YES;
				CLANG_WARN_DIRECT_OBJC_ISA_USAGE = YES_ERROR;
				CLANG_WARN_DOCUMENTATION_COMMENTS = YES;
				CLANG_WARN_EMPTY_BODY = YES;
				CLANG_WARN_ENUM_CONVERSION = YES;
				CLANG_WARN_INFINITE_RECURSION = YES;
				CLANG_WARN_INT_CONVERSION = YES;
				CLANG_WARN_NON_LITERAL_NULL_CONVERSION = YES;
				CLANG_WARN_OBJC_IMPLICIT_RETAIN_SELF = YES;
				CLANG_WARN_OBJC_LITERAL_CONVERSION = YES;
				CLANG_WARN_OBJC_ROOT_CLASS = YES_ERROR;
				CLANG_WARN_QUOTED_INCLUDE_IN_FRAMEWORK_HEADER = YES;
				CLANG_WARN_RANGE_LOOP_ANALYSIS = YES;
				CLANG_WARN_STRICT_PROTOTYPES = YES;
				CLANG_WARN_SUSPICIOUS_MOVE = YES;
				CLANG_WARN_UNGUARDED_AVAILABILITY = YES_AGGRESSIVE;
				CLANG_WARN_UNREACHABLE_CODE = YES;
				CLANG_WARN__DUPLICATE_METHOD_MATCH = YES;
				COPY_PHASE_STRIP = NO;
				DEBUG_INFORMATION_FORMAT = dwarf;
				ENABLE_STRICT_OBJC_MSGSEND = YES;
				ENABLE_TESTABILITY = YES;
				ENABLE_USER_SCRIPT_SANDBOXING = YES;
				GCC_C_LANGUAGE_STANDARD = gnu17;
				GCC_DYNAMIC_NO_PIC = NO;
				GCC_NO_COMMON_BLOCKS = YES;
				GCC_OPTIMIZATION_LEVEL = 0;
				GCC_PREPROCESSOR_DEFINITIONS = (
					"DEBUG=1",
					"$(inherited)",
				);
				GCC_WARN_64_TO_32_BIT_CONVERSION = YES;
				GCC_WARN_ABOUT_RETURN_TYPE = YES_ERROR;
				GCC_WARN_UNDECLARED_SELECTOR = YES;
				GCC_WARN_UNINITIALIZED_AUTOS = YES_AGGRESSIVE;
				GCC_WARN_UNUSED_FUNCTION = YES;
				GCC_WARN_UNUSED_VARIABLE = YES;
				IPHONEOS_DEPLOYMENT_TARGET = 17.2;
				LOCALIZATION_PREFERS_STRING_CATALOGS = YES;
				MTL_ENABLE_DEBUG_INFO = INCLUDE_SOURCE;
				MTL_FAST_MATH = YES;
				ONLY_ACTIVE_ARCH = YES;
				SDKROOT = iphoneos;
				SWIFT_ACTIVE_COMPILATION_CONDITIONS = "DEBUG $(inherited)";
				SWIFT_OPTIMIZATION_LEVEL = "-Onone";
			};
			name = Debug;
		};
		7C6644612B7C939700FAAD8D /* Release */ = {
			isa = XCBuildConfiguration;
			buildSettings = {
				ALWAYS_SEARCH_USER_PATHS = NO;
				ASSETCATALOG_COMPILER_GENERATE_SWIFT_ASSET_SYMBOL_EXTENSIONS = YES;
				CLANG_ANALYZER_NONNULL = YES;
				CLANG_ANALYZER_NUMBER_OBJECT_CONVERSION = YES_AGGRESSIVE;
				CLANG_CXX_LANGUAGE_STANDARD = "gnu++20";
				CLANG_ENABLE_MODULES = YES;
				CLANG_ENABLE_OBJC_ARC = YES;
				CLANG_ENABLE_OBJC_WEAK = YES;
				CLANG_WARN_BLOCK_CAPTURE_AUTORELEASING = YES;
				CLANG_WARN_BOOL_CONVERSION = YES;
				CLANG_WARN_COMMA = YES;
				CLANG_WARN_CONSTANT_CONVERSION = YES;
				CLANG_WARN_DEPRECATED_OBJC_IMPLEMENTATIONS = YES;
				CLANG_WARN_DIRECT_OBJC_ISA_USAGE = YES_ERROR;
				CLANG_WARN_DOCUMENTATION_COMMENTS = YES;
				CLANG_WARN_EMPTY_BODY = YES;
				CLANG_WARN_ENUM_CONVERSION = YES;
				CLANG_WARN_INFINITE_RECURSION = YES;
				CLANG_WARN_INT_CONVERSION = YES;
				CLANG_WARN_NON_LITERAL_NULL_CONVERSION = YES;
				CLANG_WARN_OBJC_IMPLICIT_RETAIN_SELF = YES;
				CLANG_WARN_OBJC_LITERAL_CONVERSION = YES;
				CLANG_WARN_OBJC_ROOT_CLASS = YES_ERROR;
				CLANG_WARN_QUOTED_INCLUDE_IN_FRAMEWORK_HEADER = YES;
				CLANG_WARN_RANGE_LOOP_ANALYSIS = YES;
				CLANG_WARN_STRICT_PROTOTYPES = YES;
				CLANG_WARN_SUSPICIOUS_MOVE = YES;
				CLANG_WARN_UNGUARDED_AVAILABILITY = YES_AGGRESSIVE;
				CLANG_WARN_UNREACHABLE_CODE = YES;
				CLANG_WARN__DUPLICATE_METHOD_MATCH = YES;
				COPY_PHASE_STRIP = NO;
				DEBUG_INFORMATION_FORMAT = "dwarf-with-dsym";
				ENABLE_NS_ASSERTIONS = NO;
				ENABLE_STRICT_OBJC_MSGSEND = YES;
				ENABLE_USER_SCRIPT_SANDBOXING = YES;
				GCC_C_LANGUAGE_STANDARD = gnu17;
				GCC_NO_COMMON_BLOCKS = YES;
				GCC_WARN_64_TO_32_BIT_CONVERSION = YES;
				GCC_WARN_ABOUT_RETURN_TYPE = YES_ERROR;
				GCC_WARN_UNDECLARED_SELECTOR = YES;
				GCC_WARN_UNINITIALIZED_AUTOS = YES_AGGRESSIVE;
				GCC_WARN_UNUSED_FUNCTION = YES;
				GCC_WARN_UNUSED_VARIABLE = YES;
				IPHONEOS_DEPLOYMENT_TARGET = 17.2;
				LOCALIZATION_PREFERS_STRING_CATALOGS = YES;
				MTL_ENABLE_DEBUG_INFO = NO;
				MTL_FAST_MATH = YES;
				SDKROOT = iphoneos;
				SWIFT_COMPILATION_MODE = wholemodule;
				VALIDATE_PRODUCT = YES;
			};
			name = Release;
		};
		7C6644632B7C939700FAAD8D /* Debug */ = {
			isa = XCBuildConfiguration;
			buildSettings = {
				ASSETCATALOG_COMPILER_APPICON_NAME = AppIcon;
				ASSETCATALOG_COMPILER_GLOBAL_ACCENT_COLOR_NAME = AccentColor;
				CODE_SIGN_STYLE = Automatic;
				CURRENT_PROJECT_VERSION = 1;
				DEVELOPMENT_TEAM = W6X76DS4Z7;
				GENERATE_INFOPLIST_FILE = YES;
				INFOPLIST_FILE = SeSAC_TodoProject/Info.plist;
				INFOPLIST_KEY_UIApplicationSupportsIndirectInputEvents = YES;
				INFOPLIST_KEY_UILaunchStoryboardName = LaunchScreen;
				INFOPLIST_KEY_UIMainStoryboardFile = "";
				INFOPLIST_KEY_UISupportedInterfaceOrientations = UIInterfaceOrientationPortrait;
				INFOPLIST_KEY_UISupportedInterfaceOrientations_iPad = "UIInterfaceOrientationLandscapeLeft UIInterfaceOrientationLandscapeRight UIInterfaceOrientationPortrait UIInterfaceOrientationPortraitUpsideDown";
				IPHONEOS_DEPLOYMENT_TARGET = 17.2;
				LD_RUNPATH_SEARCH_PATHS = (
					"$(inherited)",
					"@executable_path/Frameworks",
				);
				MARKETING_VERSION = 1.0;
				PRODUCT_BUNDLE_IDENTIFIER = "com.thekoon.SeSAC-TodoProject";
				PRODUCT_NAME = "$(TARGET_NAME)";
				SUPPORTED_PLATFORMS = "iphoneos iphonesimulator";
				SUPPORTS_MACCATALYST = NO;
				SUPPORTS_MAC_DESIGNED_FOR_IPHONE_IPAD = NO;
				SUPPORTS_XR_DESIGNED_FOR_IPHONE_IPAD = NO;
				SWIFT_EMIT_LOC_STRINGS = YES;
				SWIFT_VERSION = 5.0;
				TARGETED_DEVICE_FAMILY = 1;
			};
			name = Debug;
		};
		7C6644642B7C939700FAAD8D /* Release */ = {
			isa = XCBuildConfiguration;
			buildSettings = {
				ASSETCATALOG_COMPILER_APPICON_NAME = AppIcon;
				ASSETCATALOG_COMPILER_GLOBAL_ACCENT_COLOR_NAME = AccentColor;
				CODE_SIGN_STYLE = Automatic;
				CURRENT_PROJECT_VERSION = 1;
				DEVELOPMENT_TEAM = W6X76DS4Z7;
				GENERATE_INFOPLIST_FILE = YES;
				INFOPLIST_FILE = SeSAC_TodoProject/Info.plist;
				INFOPLIST_KEY_UIApplicationSupportsIndirectInputEvents = YES;
				INFOPLIST_KEY_UILaunchStoryboardName = LaunchScreen;
				INFOPLIST_KEY_UIMainStoryboardFile = "";
				INFOPLIST_KEY_UISupportedInterfaceOrientations = UIInterfaceOrientationPortrait;
				INFOPLIST_KEY_UISupportedInterfaceOrientations_iPad = "UIInterfaceOrientationLandscapeLeft UIInterfaceOrientationLandscapeRight UIInterfaceOrientationPortrait UIInterfaceOrientationPortraitUpsideDown";
				IPHONEOS_DEPLOYMENT_TARGET = 17.2;
				LD_RUNPATH_SEARCH_PATHS = (
					"$(inherited)",
					"@executable_path/Frameworks",
				);
				MARKETING_VERSION = 1.0;
				PRODUCT_BUNDLE_IDENTIFIER = "com.thekoon.SeSAC-TodoProject";
				PRODUCT_NAME = "$(TARGET_NAME)";
				SUPPORTED_PLATFORMS = "iphoneos iphonesimulator";
				SUPPORTS_MACCATALYST = NO;
				SUPPORTS_MAC_DESIGNED_FOR_IPHONE_IPAD = NO;
				SUPPORTS_XR_DESIGNED_FOR_IPHONE_IPAD = NO;
				SWIFT_EMIT_LOC_STRINGS = YES;
				SWIFT_VERSION = 5.0;
				TARGETED_DEVICE_FAMILY = 1;
			};
			name = Release;
		};
/* End XCBuildConfiguration section */

/* Begin XCConfigurationList section */
		7C6644492B7C939600FAAD8D /* Build configuration list for PBXProject "SeSAC_TodoProject" */ = {
			isa = XCConfigurationList;
			buildConfigurations = (
				7C6644602B7C939700FAAD8D /* Debug */,
				7C6644612B7C939700FAAD8D /* Release */,
			);
			defaultConfigurationIsVisible = 0;
			defaultConfigurationName = Release;
		};
		7C6644622B7C939700FAAD8D /* Build configuration list for PBXNativeTarget "SeSAC_TodoProject" */ = {
			isa = XCConfigurationList;
			buildConfigurations = (
				7C6644632B7C939700FAAD8D /* Debug */,
				7C6644642B7C939700FAAD8D /* Release */,
			);
			defaultConfigurationIsVisible = 0;
			defaultConfigurationName = Release;
		};
/* End XCConfigurationList section */

/* Begin XCRemoteSwiftPackageReference section */
		7C4BA3722B7DF803006CC8D1 /* XCRemoteSwiftPackageReference "realm-swift" */ = {
			isa = XCRemoteSwiftPackageReference;
			repositoryURL = "https://github.com/realm/realm-swift";
			requirement = {
				branch = master;
				kind = branch;
			};
		};
		7C6644792B7C98C900FAAD8D /* XCRemoteSwiftPackageReference "SnapKit" */ = {
			isa = XCRemoteSwiftPackageReference;
			repositoryURL = "https://github.com/SnapKit/SnapKit";
			requirement = {
				kind = upToNextMajorVersion;
				minimumVersion = 5.7.0;
			};
		};
/* End XCRemoteSwiftPackageReference section */

/* Begin XCSwiftPackageProductDependency section */
		7C4BA3732B7DF803006CC8D1 /* Realm */ = {
			isa = XCSwiftPackageProductDependency;
			package = 7C4BA3722B7DF803006CC8D1 /* XCRemoteSwiftPackageReference "realm-swift" */;
			productName = Realm;
		};
		7C4BA3752B7DF803006CC8D1 /* RealmSwift */ = {
			isa = XCSwiftPackageProductDependency;
			package = 7C4BA3722B7DF803006CC8D1 /* XCRemoteSwiftPackageReference "realm-swift" */;
			productName = RealmSwift;
		};
		7C66447A2B7C98C900FAAD8D /* SnapKit */ = {
			isa = XCSwiftPackageProductDependency;
			package = 7C6644792B7C98C900FAAD8D /* XCRemoteSwiftPackageReference "SnapKit" */;
			productName = SnapKit;
		};
/* End XCSwiftPackageProductDependency section */
	};
	rootObject = 7C6644462B7C939600FAAD8D /* Project object */;
}
