// !$*UTF8*$!
{
	archiveVersion = 1;
	classes = {
	};
	objectVersion = 56;
	objects = {

/* Begin PBXBuildFile section */
		7C382C632B4BE40800AC8236 /* MagazineInfo.swift in Sources */ = {isa = PBXBuildFile; fileRef = 7C382C622B4BE40800AC8236 /* MagazineInfo.swift */; };
		7C382C652B4BE47500AC8236 /* MagazinInfoTableViewController.swift in Sources */ = {isa = PBXBuildFile; fileRef = 7C382C642B4BE47500AC8236 /* MagazinInfoTableViewController.swift */; };
		7C382C672B4BE49300AC8236 /* MagazinInfoCell.swift in Sources */ = {isa = PBXBuildFile; fileRef = 7C382C662B4BE49300AC8236 /* MagazinInfoCell.swift */; };
		7C382C6A2B4BE68900AC8236 /* Kingfisher in Frameworks */ = {isa = PBXBuildFile; productRef = 7C382C692B4BE68900AC8236 /* Kingfisher */; };
		7C382C6C2B4BF34500AC8236 /* UserDefault.swift in Sources */ = {isa = PBXBuildFile; fileRef = 7C382C6B2B4BF34500AC8236 /* UserDefault.swift */; };
		7CC905A52B4809BA000C18C7 /* AppDelegate.swift in Sources */ = {isa = PBXBuildFile; fileRef = 7CC905A42B4809BA000C18C7 /* AppDelegate.swift */; };
		7CC905A72B4809BA000C18C7 /* SceneDelegate.swift in Sources */ = {isa = PBXBuildFile; fileRef = 7CC905A62B4809BA000C18C7 /* SceneDelegate.swift */; };
		7CC905AC2B4809BA000C18C7 /* Main.storyboard in Resources */ = {isa = PBXBuildFile; fileRef = 7CC905AA2B4809BA000C18C7 /* Main.storyboard */; };
		7CC905AE2B4809BA000C18C7 /* Assets.xcassets in Resources */ = {isa = PBXBuildFile; fileRef = 7CC905AD2B4809BA000C18C7 /* Assets.xcassets */; };
		7CC905B12B4809BA000C18C7 /* LaunchScreen.storyboard in Resources */ = {isa = PBXBuildFile; fileRef = 7CC905AF2B4809BA000C18C7 /* LaunchScreen.storyboard */; };
		7CD73C532B480F1100E5F177 /* SettingTableViewController.swift in Sources */ = {isa = PBXBuildFile; fileRef = 7CD73C522B480F1100E5F177 /* SettingTableViewController.swift */; };
		7CD73C552B48120600E5F177 /* ShoppingTableViewController.swift in Sources */ = {isa = PBXBuildFile; fileRef = 7CD73C542B48120600E5F177 /* ShoppingTableViewController.swift */; };
		7CD73C572B48122800E5F177 /* ShoppingTableViewCell.swift in Sources */ = {isa = PBXBuildFile; fileRef = 7CD73C562B48122800E5F177 /* ShoppingTableViewCell.swift */; };
		7CF6CD642B4D3235003EBA68 /* CityInfo.swift in Sources */ = {isa = PBXBuildFile; fileRef = 7CF6CD632B4D3235003EBA68 /* CityInfo.swift */; };
		7CF6CD662B4D32D9003EBA68 /* CityViewController.swift in Sources */ = {isa = PBXBuildFile; fileRef = 7CF6CD652B4D32D9003EBA68 /* CityViewController.swift */; };
		7CF6CD692B4D32EB003EBA68 /* CityCollectionViewCell.swift in Sources */ = {isa = PBXBuildFile; fileRef = 7CF6CD672B4D32EB003EBA68 /* CityCollectionViewCell.swift */; };
		7CF6CD6A2B4D32EB003EBA68 /* CityCollectionViewCell.xib in Resources */ = {isa = PBXBuildFile; fileRef = 7CF6CD682B4D32EB003EBA68 /* CityCollectionViewCell.xib */; };
		7CF6CD702B4D3FE6003EBA68 /* CityConst.swift in Sources */ = {isa = PBXBuildFile; fileRef = 7CF6CD6F2B4D3FE6003EBA68 /* CityConst.swift */; };
/* End PBXBuildFile section */

/* Begin PBXFileReference section */
		7C382C622B4BE40800AC8236 /* MagazineInfo.swift */ = {isa = PBXFileReference; fileEncoding = 4; lastKnownFileType = sourcecode.swift; path = MagazineInfo.swift; sourceTree = "<group>"; };
		7C382C642B4BE47500AC8236 /* MagazinInfoTableViewController.swift */ = {isa = PBXFileReference; lastKnownFileType = sourcecode.swift; path = MagazinInfoTableViewController.swift; sourceTree = "<group>"; };
		7C382C662B4BE49300AC8236 /* MagazinInfoCell.swift */ = {isa = PBXFileReference; lastKnownFileType = sourcecode.swift; path = MagazinInfoCell.swift; sourceTree = "<group>"; };
		7C382C6B2B4BF34500AC8236 /* UserDefault.swift */ = {isa = PBXFileReference; lastKnownFileType = sourcecode.swift; path = UserDefault.swift; sourceTree = "<group>"; };
		7CC905A12B4809BA000C18C7 /* SeSAC_MakeTableViewController.app */ = {isa = PBXFileReference; explicitFileType = wrapper.application; includeInIndex = 0; path = SeSAC_MakeTableViewController.app; sourceTree = BUILT_PRODUCTS_DIR; };
		7CC905A42B4809BA000C18C7 /* AppDelegate.swift */ = {isa = PBXFileReference; lastKnownFileType = sourcecode.swift; path = AppDelegate.swift; sourceTree = "<group>"; };
		7CC905A62B4809BA000C18C7 /* SceneDelegate.swift */ = {isa = PBXFileReference; lastKnownFileType = sourcecode.swift; path = SceneDelegate.swift; sourceTree = "<group>"; };
		7CC905AB2B4809BA000C18C7 /* Base */ = {isa = PBXFileReference; lastKnownFileType = file.storyboard; name = Base; path = Base.lproj/Main.storyboard; sourceTree = "<group>"; };
		7CC905AD2B4809BA000C18C7 /* Assets.xcassets */ = {isa = PBXFileReference; lastKnownFileType = folder.assetcatalog; path = Assets.xcassets; sourceTree = "<group>"; };
		7CC905B02B4809BA000C18C7 /* Base */ = {isa = PBXFileReference; lastKnownFileType = file.storyboard; name = Base; path = Base.lproj/LaunchScreen.storyboard; sourceTree = "<group>"; };
		7CC905B22B4809BA000C18C7 /* Info.plist */ = {isa = PBXFileReference; lastKnownFileType = text.plist.xml; path = Info.plist; sourceTree = "<group>"; };
		7CD73C522B480F1100E5F177 /* SettingTableViewController.swift */ = {isa = PBXFileReference; lastKnownFileType = sourcecode.swift; path = SettingTableViewController.swift; sourceTree = "<group>"; };
		7CD73C542B48120600E5F177 /* ShoppingTableViewController.swift */ = {isa = PBXFileReference; lastKnownFileType = sourcecode.swift; path = ShoppingTableViewController.swift; sourceTree = "<group>"; };
		7CD73C562B48122800E5F177 /* ShoppingTableViewCell.swift */ = {isa = PBXFileReference; lastKnownFileType = sourcecode.swift; path = ShoppingTableViewCell.swift; sourceTree = "<group>"; };
		7CF6CD632B4D3235003EBA68 /* CityInfo.swift */ = {isa = PBXFileReference; fileEncoding = 4; lastKnownFileType = sourcecode.swift; path = CityInfo.swift; sourceTree = "<group>"; };
		7CF6CD652B4D32D9003EBA68 /* CityViewController.swift */ = {isa = PBXFileReference; lastKnownFileType = sourcecode.swift; path = CityViewController.swift; sourceTree = "<group>"; };
		7CF6CD672B4D32EB003EBA68 /* CityCollectionViewCell.swift */ = {isa = PBXFileReference; lastKnownFileType = sourcecode.swift; path = CityCollectionViewCell.swift; sourceTree = "<group>"; };
		7CF6CD682B4D32EB003EBA68 /* CityCollectionViewCell.xib */ = {isa = PBXFileReference; lastKnownFileType = file.xib; path = CityCollectionViewCell.xib; sourceTree = "<group>"; };
		7CF6CD6F2B4D3FE6003EBA68 /* CityConst.swift */ = {isa = PBXFileReference; lastKnownFileType = sourcecode.swift; path = CityConst.swift; sourceTree = "<group>"; };
/* End PBXFileReference section */

/* Begin PBXFrameworksBuildPhase section */
		7CC9059E2B4809BA000C18C7 /* Frameworks */ = {
			isa = PBXFrameworksBuildPhase;
			buildActionMask = 2147483647;
			files = (
				7C382C6A2B4BE68900AC8236 /* Kingfisher in Frameworks */,
			);
			runOnlyForDeploymentPostprocessing = 0;
		};
/* End PBXFrameworksBuildPhase section */

/* Begin PBXGroup section */
		7CC905982B4809BA000C18C7 = {
			isa = PBXGroup;
			children = (
				7CC905A32B4809BA000C18C7 /* SeSAC_MakeTableViewController */,
				7CC905A22B4809BA000C18C7 /* Products */,
			);
			sourceTree = "<group>";
		};
		7CC905A22B4809BA000C18C7 /* Products */ = {
			isa = PBXGroup;
			children = (
				7CC905A12B4809BA000C18C7 /* SeSAC_MakeTableViewController.app */,
			);
			name = Products;
			sourceTree = "<group>";
		};
		7CC905A32B4809BA000C18C7 /* SeSAC_MakeTableViewController */ = {
			isa = PBXGroup;
			children = (
				7CC905A42B4809BA000C18C7 /* AppDelegate.swift */,
				7CC905A62B4809BA000C18C7 /* SceneDelegate.swift */,
				7CF6CD6E2B4D3FAF003EBA68 /* Setting */,
				7CF6CD6B2B4D3F79003EBA68 /* Shopping */,
				7CF6CD6C2B4D3F8C003EBA68 /* Magazin */,
				7CF6CD6D2B4D3F9C003EBA68 /* CityCollection */,
				7C382C6B2B4BF34500AC8236 /* UserDefault.swift */,
				7CC905AA2B4809BA000C18C7 /* Main.storyboard */,
				7CC905AD2B4809BA000C18C7 /* Assets.xcassets */,
				7CC905AF2B4809BA000C18C7 /* LaunchScreen.storyboard */,
				7CC905B22B4809BA000C18C7 /* Info.plist */,
			);
			path = SeSAC_MakeTableViewController;
			sourceTree = "<group>";
		};
		7CF6CD6B2B4D3F79003EBA68 /* Shopping */ = {
			isa = PBXGroup;
			children = (
				7CD73C542B48120600E5F177 /* ShoppingTableViewController.swift */,
				7CD73C562B48122800E5F177 /* ShoppingTableViewCell.swift */,
			);
			path = Shopping;
			sourceTree = "<group>";
		};
		7CF6CD6C2B4D3F8C003EBA68 /* Magazin */ = {
			isa = PBXGroup;
			children = (
				7C382C642B4BE47500AC8236 /* MagazinInfoTableViewController.swift */,
				7C382C662B4BE49300AC8236 /* MagazinInfoCell.swift */,
				7C382C622B4BE40800AC8236 /* MagazineInfo.swift */,
			);
			path = Magazin;
			sourceTree = "<group>";
		};
		7CF6CD6D2B4D3F9C003EBA68 /* CityCollection */ = {
			isa = PBXGroup;
			children = (
				7CF6CD652B4D32D9003EBA68 /* CityViewController.swift */,
				7CF6CD672B4D32EB003EBA68 /* CityCollectionViewCell.swift */,
				7CF6CD682B4D32EB003EBA68 /* CityCollectionViewCell.xib */,
				7CF6CD632B4D3235003EBA68 /* CityInfo.swift */,
				7CF6CD6F2B4D3FE6003EBA68 /* CityConst.swift */,
			);
			path = CityCollection;
			sourceTree = "<group>";
		};
		7CF6CD6E2B4D3FAF003EBA68 /* Setting */ = {
			isa = PBXGroup;
			children = (
				7CD73C522B480F1100E5F177 /* SettingTableViewController.swift */,
			);
			path = Setting;
			sourceTree = "<group>";
		};
/* End PBXGroup section */

/* Begin PBXNativeTarget section */
		7CC905A02B4809BA000C18C7 /* SeSAC_MakeTableViewController */ = {
			isa = PBXNativeTarget;
			buildConfigurationList = 7CC905B52B4809BA000C18C7 /* Build configuration list for PBXNativeTarget "SeSAC_MakeTableViewController" */;
			buildPhases = (
				7CC9059D2B4809BA000C18C7 /* Sources */,
				7CC9059E2B4809BA000C18C7 /* Frameworks */,
				7CC9059F2B4809BA000C18C7 /* Resources */,
			);
			buildRules = (
			);
			dependencies = (
			);
			name = SeSAC_MakeTableViewController;
			packageProductDependencies = (
				7C382C692B4BE68900AC8236 /* Kingfisher */,
			);
			productName = SeSAC_MakeTableViewController;
			productReference = 7CC905A12B4809BA000C18C7 /* SeSAC_MakeTableViewController.app */;
			productType = "com.apple.product-type.application";
		};
/* End PBXNativeTarget section */

/* Begin PBXProject section */
		7CC905992B4809BA000C18C7 /* Project object */ = {
			isa = PBXProject;
			attributes = {
				BuildIndependentTargetsInParallel = 1;
				LastSwiftUpdateCheck = 1510;
				LastUpgradeCheck = 1510;
				TargetAttributes = {
					7CC905A02B4809BA000C18C7 = {
						CreatedOnToolsVersion = 15.1;
					};
				};
			};
			buildConfigurationList = 7CC9059C2B4809BA000C18C7 /* Build configuration list for PBXProject "SeSAC_MakeTableViewController" */;
			compatibilityVersion = "Xcode 14.0";
			developmentRegion = en;
			hasScannedForEncodings = 0;
			knownRegions = (
				en,
				Base,
			);
			mainGroup = 7CC905982B4809BA000C18C7;
			packageReferences = (
				7C382C682B4BE68900AC8236 /* XCRemoteSwiftPackageReference "Kingfisher" */,
			);
			productRefGroup = 7CC905A22B4809BA000C18C7 /* Products */;
			projectDirPath = "";
			projectRoot = "";
			targets = (
				7CC905A02B4809BA000C18C7 /* SeSAC_MakeTableViewController */,
			);
		};
/* End PBXProject section */

/* Begin PBXResourcesBuildPhase section */
		7CC9059F2B4809BA000C18C7 /* Resources */ = {
			isa = PBXResourcesBuildPhase;
			buildActionMask = 2147483647;
			files = (
				7CC905B12B4809BA000C18C7 /* LaunchScreen.storyboard in Resources */,
				7CC905AE2B4809BA000C18C7 /* Assets.xcassets in Resources */,
				7CC905AC2B4809BA000C18C7 /* Main.storyboard in Resources */,
				7CF6CD6A2B4D32EB003EBA68 /* CityCollectionViewCell.xib in Resources */,
			);
			runOnlyForDeploymentPostprocessing = 0;
		};
/* End PBXResourcesBuildPhase section */

/* Begin PBXSourcesBuildPhase section */
		7CC9059D2B4809BA000C18C7 /* Sources */ = {
			isa = PBXSourcesBuildPhase;
			buildActionMask = 2147483647;
			files = (
				7CD73C532B480F1100E5F177 /* SettingTableViewController.swift in Sources */,
				7CD73C572B48122800E5F177 /* ShoppingTableViewCell.swift in Sources */,
				7CF6CD642B4D3235003EBA68 /* CityInfo.swift in Sources */,
				7CC905A52B4809BA000C18C7 /* AppDelegate.swift in Sources */,
				7C382C672B4BE49300AC8236 /* MagazinInfoCell.swift in Sources */,
				7CF6CD662B4D32D9003EBA68 /* CityViewController.swift in Sources */,
				7CF6CD702B4D3FE6003EBA68 /* CityConst.swift in Sources */,
				7CD73C552B48120600E5F177 /* ShoppingTableViewController.swift in Sources */,
				7CF6CD692B4D32EB003EBA68 /* CityCollectionViewCell.swift in Sources */,
				7C382C6C2B4BF34500AC8236 /* UserDefault.swift in Sources */,
				7CC905A72B4809BA000C18C7 /* SceneDelegate.swift in Sources */,
				7C382C652B4BE47500AC8236 /* MagazinInfoTableViewController.swift in Sources */,
				7C382C632B4BE40800AC8236 /* MagazineInfo.swift in Sources */,
			);
			runOnlyForDeploymentPostprocessing = 0;
		};
/* End PBXSourcesBuildPhase section */

/* Begin PBXVariantGroup section */
		7CC905AA2B4809BA000C18C7 /* Main.storyboard */ = {
			isa = PBXVariantGroup;
			children = (
				7CC905AB2B4809BA000C18C7 /* Base */,
			);
			name = Main.storyboard;
			sourceTree = "<group>";
		};
		7CC905AF2B4809BA000C18C7 /* LaunchScreen.storyboard */ = {
			isa = PBXVariantGroup;
			children = (
				7CC905B02B4809BA000C18C7 /* Base */,
			);
			name = LaunchScreen.storyboard;
			sourceTree = "<group>";
		};
/* End PBXVariantGroup section */

/* Begin XCBuildConfiguration section */
		7CC905B32B4809BA000C18C7 /* Debug */ = {
			isa = XCBuildConfiguration;
			buildSettings = {
				ALWAYS_SEARCH_USER_PATHS = NO;
				ASSETCATALOG_COMPILER_GENERATE_SWIFT_ASSET_SYMBOL_EXTENSIONS = YES;
				CLANG_ANALYZER_NONNULL = YES;
				CLANG_ANALYZER_NUMBER_OBJECT_CONVERSION = YES_AGGRESSIVE;
				CLANG_CXX_LANGUAGE_STANDARD = "gnu++20";
				CLANG_ENABLE_MODULES = YES;
				CLANG_ENABLE_OBJC_ARC = YES;
				CLANG_ENABLE_OBJC_WEAK = YES;
				CLANG_WARN_BLOCK_CAPTURE_AUTORELEASING = YES;
				CLANG_WARN_BOOL_CONVERSION = YES;
				CLANG_WARN_COMMA = YES;
				CLANG_WARN_CONSTANT_CONVERSION = YES;
				CLANG_WARN_DEPRECATED_OBJC_IMPLEMENTATIONS = YES;
				CLANG_WARN_DIRECT_OBJC_ISA_USAGE = YES_ERROR;
				CLANG_WARN_DOCUMENTATION_COMMENTS = YES;
				CLANG_WARN_EMPTY_BODY = YES;
				CLANG_WARN_ENUM_CONVERSION = YES;
				CLANG_WARN_INFINITE_RECURSION = YES;
				CLANG_WARN_INT_CONVERSION = YES;
				CLANG_WARN_NON_LITERAL_NULL_CONVERSION = YES;
				CLANG_WARN_OBJC_IMPLICIT_RETAIN_SELF = YES;
				CLANG_WARN_OBJC_LITERAL_CONVERSION = YES;
				CLANG_WARN_OBJC_ROOT_CLASS = YES_ERROR;
				CLANG_WARN_QUOTED_INCLUDE_IN_FRAMEWORK_HEADER = YES;
				CLANG_WARN_RANGE_LOOP_ANALYSIS = YES;
				CLANG_WARN_STRICT_PROTOTYPES = YES;
				CLANG_WARN_SUSPICIOUS_MOVE = YES;
				CLANG_WARN_UNGUARDED_AVAILABILITY = YES_AGGRESSIVE;
				CLANG_WARN_UNREACHABLE_CODE = YES;
				CLANG_WARN__DUPLICATE_METHOD_MATCH = YES;
				COPY_PHASE_STRIP = NO;
				DEBUG_INFORMATION_FORMAT = dwarf;
				ENABLE_STRICT_OBJC_MSGSEND = YES;
				ENABLE_TESTABILITY = YES;
				ENABLE_USER_SCRIPT_SANDBOXING = YES;
				GCC_C_LANGUAGE_STANDARD = gnu17;
				GCC_DYNAMIC_NO_PIC = NO;
				GCC_NO_COMMON_BLOCKS = YES;
				GCC_OPTIMIZATION_LEVEL = 0;
				GCC_PREPROCESSOR_DEFINITIONS = (
					"DEBUG=1",
					"$(inherited)",
				);
				GCC_WARN_64_TO_32_BIT_CONVERSION = YES;
				GCC_WARN_ABOUT_RETURN_TYPE = YES_ERROR;
				GCC_WARN_UNDECLARED_SELECTOR = YES;
				GCC_WARN_UNINITIALIZED_AUTOS = YES_AGGRESSIVE;
				GCC_WARN_UNUSED_FUNCTION = YES;
				GCC_WARN_UNUSED_VARIABLE = YES;
				IPHONEOS_DEPLOYMENT_TARGET = 17.2;
				LOCALIZATION_PREFERS_STRING_CATALOGS = YES;
				MTL_ENABLE_DEBUG_INFO = INCLUDE_SOURCE;
				MTL_FAST_MATH = YES;
				ONLY_ACTIVE_ARCH = YES;
				SDKROOT = iphoneos;
				SWIFT_ACTIVE_COMPILATION_CONDITIONS = "DEBUG $(inherited)";
				SWIFT_OPTIMIZATION_LEVEL = "-Onone";
			};
			name = Debug;
		};
		7CC905B42B4809BA000C18C7 /* Release */ = {
			isa = XCBuildConfiguration;
			buildSettings = {
				ALWAYS_SEARCH_USER_PATHS = NO;
				ASSETCATALOG_COMPILER_GENERATE_SWIFT_ASSET_SYMBOL_EXTENSIONS = YES;
				CLANG_ANALYZER_NONNULL = YES;
				CLANG_ANALYZER_NUMBER_OBJECT_CONVERSION = YES_AGGRESSIVE;
				CLANG_CXX_LANGUAGE_STANDARD = "gnu++20";
				CLANG_ENABLE_MODULES = YES;
				CLANG_ENABLE_OBJC_ARC = YES;
				CLANG_ENABLE_OBJC_WEAK = YES;
				CLANG_WARN_BLOCK_CAPTURE_AUTORELEASING = YES;
				CLANG_WARN_BOOL_CONVERSION = YES;
				CLANG_WARN_COMMA = YES;
				CLANG_WARN_CONSTANT_CONVERSION = YES;
				CLANG_WARN_DEPRECATED_OBJC_IMPLEMENTATIONS = YES;
				CLANG_WARN_DIRECT_OBJC_ISA_USAGE = YES_ERROR;
				CLANG_WARN_DOCUMENTATION_COMMENTS = YES;
				CLANG_WARN_EMPTY_BODY = YES;
				CLANG_WARN_ENUM_CONVERSION = YES;
				CLANG_WARN_INFINITE_RECURSION = YES;
				CLANG_WARN_INT_CONVERSION = YES;
				CLANG_WARN_NON_LITERAL_NULL_CONVERSION = YES;
				CLANG_WARN_OBJC_IMPLICIT_RETAIN_SELF = YES;
				CLANG_WARN_OBJC_LITERAL_CONVERSION = YES;
				CLANG_WARN_OBJC_ROOT_CLASS = YES_ERROR;
				CLANG_WARN_QUOTED_INCLUDE_IN_FRAMEWORK_HEADER = YES;
				CLANG_WARN_RANGE_LOOP_ANALYSIS = YES;
				CLANG_WARN_STRICT_PROTOTYPES = YES;
				CLANG_WARN_SUSPICIOUS_MOVE = YES;
				CLANG_WARN_UNGUARDED_AVAILABILITY = YES_AGGRESSIVE;
				CLANG_WARN_UNREACHABLE_CODE = YES;
				CLANG_WARN__DUPLICATE_METHOD_MATCH = YES;
				COPY_PHASE_STRIP = NO;
				DEBUG_INFORMATION_FORMAT = "dwarf-with-dsym";
				ENABLE_NS_ASSERTIONS = NO;
				ENABLE_STRICT_OBJC_MSGSEND = YES;
				ENABLE_USER_SCRIPT_SANDBOXING = YES;
				GCC_C_LANGUAGE_STANDARD = gnu17;
				GCC_NO_COMMON_BLOCKS = YES;
				GCC_WARN_64_TO_32_BIT_CONVERSION = YES;
				GCC_WARN_ABOUT_RETURN_TYPE = YES_ERROR;
				GCC_WARN_UNDECLARED_SELECTOR = YES;
				GCC_WARN_UNINITIALIZED_AUTOS = YES_AGGRESSIVE;
				GCC_WARN_UNUSED_FUNCTION = YES;
				GCC_WARN_UNUSED_VARIABLE = YES;
				IPHONEOS_DEPLOYMENT_TARGET = 17.2;
				LOCALIZATION_PREFERS_STRING_CATALOGS = YES;
				MTL_ENABLE_DEBUG_INFO = NO;
				MTL_FAST_MATH = YES;
				SDKROOT = iphoneos;
				SWIFT_COMPILATION_MODE = wholemodule;
				VALIDATE_PRODUCT = YES;
			};
			name = Release;
		};
		7CC905B62B4809BA000C18C7 /* Debug */ = {
			isa = XCBuildConfiguration;
			buildSettings = {
				ASSETCATALOG_COMPILER_APPICON_NAME = AppIcon;
				ASSETCATALOG_COMPILER_GLOBAL_ACCENT_COLOR_NAME = AccentColor;
				CODE_SIGN_STYLE = Automatic;
				CURRENT_PROJECT_VERSION = 1;
				DEVELOPMENT_TEAM = W6X76DS4Z7;
				GENERATE_INFOPLIST_FILE = YES;
				INFOPLIST_FILE = SeSAC_MakeTableViewController/Info.plist;
				INFOPLIST_KEY_UIApplicationSupportsIndirectInputEvents = YES;
				INFOPLIST_KEY_UILaunchStoryboardName = LaunchScreen;
				INFOPLIST_KEY_UIMainStoryboardFile = Main;
				INFOPLIST_KEY_UISupportedInterfaceOrientations_iPad = "UIInterfaceOrientationPortrait UIInterfaceOrientationPortraitUpsideDown UIInterfaceOrientationLandscapeLeft UIInterfaceOrientationLandscapeRight";
				INFOPLIST_KEY_UISupportedInterfaceOrientations_iPhone = "UIInterfaceOrientationPortrait UIInterfaceOrientationLandscapeLeft UIInterfaceOrientationLandscapeRight";
				LD_RUNPATH_SEARCH_PATHS = (
					"$(inherited)",
					"@executable_path/Frameworks",
				);
				MARKETING_VERSION = 1.0;
				PRODUCT_BUNDLE_IDENTIFIER = "com.thekoon.SeSAC-MakeTableViewController";
				PRODUCT_NAME = "$(TARGET_NAME)";
				SWIFT_EMIT_LOC_STRINGS = YES;
				SWIFT_VERSION = 5.0;
				TARGETED_DEVICE_FAMILY = "1,2";
			};
			name = Debug;
		};
		7CC905B72B4809BA000C18C7 /* Release */ = {
			isa = XCBuildConfiguration;
			buildSettings = {
				ASSETCATALOG_COMPILER_APPICON_NAME = AppIcon;
				ASSETCATALOG_COMPILER_GLOBAL_ACCENT_COLOR_NAME = AccentColor;
				CODE_SIGN_STYLE = Automatic;
				CURRENT_PROJECT_VERSION = 1;
				DEVELOPMENT_TEAM = W6X76DS4Z7;
				GENERATE_INFOPLIST_FILE = YES;
				INFOPLIST_FILE = SeSAC_MakeTableViewController/Info.plist;
				INFOPLIST_KEY_UIApplicationSupportsIndirectInputEvents = YES;
				INFOPLIST_KEY_UILaunchStoryboardName = LaunchScreen;
				INFOPLIST_KEY_UIMainStoryboardFile = Main;
				INFOPLIST_KEY_UISupportedInterfaceOrientations_iPad = "UIInterfaceOrientationPortrait UIInterfaceOrientationPortraitUpsideDown UIInterfaceOrientationLandscapeLeft UIInterfaceOrientationLandscapeRight";
				INFOPLIST_KEY_UISupportedInterfaceOrientations_iPhone = "UIInterfaceOrientationPortrait UIInterfaceOrientationLandscapeLeft UIInterfaceOrientationLandscapeRight";
				LD_RUNPATH_SEARCH_PATHS = (
					"$(inherited)",
					"@executable_path/Frameworks",
				);
				MARKETING_VERSION = 1.0;
				PRODUCT_BUNDLE_IDENTIFIER = "com.thekoon.SeSAC-MakeTableViewController";
				PRODUCT_NAME = "$(TARGET_NAME)";
				SWIFT_EMIT_LOC_STRINGS = YES;
				SWIFT_VERSION = 5.0;
				TARGETED_DEVICE_FAMILY = "1,2";
			};
			name = Release;
		};
/* End XCBuildConfiguration section */

/* Begin XCConfigurationList section */
		7CC9059C2B4809BA000C18C7 /* Build configuration list for PBXProject "SeSAC_MakeTableViewController" */ = {
			isa = XCConfigurationList;
			buildConfigurations = (
				7CC905B32B4809BA000C18C7 /* Debug */,
				7CC905B42B4809BA000C18C7 /* Release */,
			);
			defaultConfigurationIsVisible = 0;
			defaultConfigurationName = Release;
		};
		7CC905B52B4809BA000C18C7 /* Build configuration list for PBXNativeTarget "SeSAC_MakeTableViewController" */ = {
			isa = XCConfigurationList;
			buildConfigurations = (
				7CC905B62B4809BA000C18C7 /* Debug */,
				7CC905B72B4809BA000C18C7 /* Release */,
			);
			defaultConfigurationIsVisible = 0;
			defaultConfigurationName = Release;
		};
/* End XCConfigurationList section */

/* Begin XCRemoteSwiftPackageReference section */
		7C382C682B4BE68900AC8236 /* XCRemoteSwiftPackageReference "Kingfisher" */ = {
			isa = XCRemoteSwiftPackageReference;
			repositoryURL = "https://github.com/onevcat/Kingfisher";
			requirement = {
				kind = upToNextMajorVersion;
				minimumVersion = 7.10.1;
			};
		};
/* End XCRemoteSwiftPackageReference section */

/* Begin XCSwiftPackageProductDependency section */
		7C382C692B4BE68900AC8236 /* Kingfisher */ = {
			isa = XCSwiftPackageProductDependency;
			package = 7C382C682B4BE68900AC8236 /* XCRemoteSwiftPackageReference "Kingfisher" */;
			productName = Kingfisher;
		};
/* End XCSwiftPackageProductDependency section */
	};
	rootObject = 7CC905992B4809BA000C18C7 /* Project object */;
}
